
Microsoft Visual Studio Solution File, Format Version 12.00
# Visual Studio Version 16
VisualStudioVersion = 16.0.31112.23
MinimumVisualStudioVersion = 10.0.40219.1
Project("{FAE04EC0-301F-11D3-BF4B-00C04F79EFBC}") = "BudgetCalculator", "BudgetCalculator\BudgetCalculator.csproj", "{F9BD2981-5CCD-4C9C-8808-6DC1FD966310}"
EndProject
Project("{FAE04EC0-301F-11D3-BF4B-00C04F79EFBC}") = "BudgetCalculator.Tests", "BudgetCalculator.Tests\BudgetCalculator.Tests.csproj", "{F58E2394-A825-4768-8884-123E1024D9B3}"
EndProject
Global
	GlobalSection(SolutionConfigurationPlatforms) = preSolution
		Debug|Any CPU = Debug|Any CPU
		Release|Any CPU = Release|Any CPU
	EndGlobalSection
	GlobalSection(ProjectConfigurationPlatforms) = postSolution
		{F9BD2981-5CCD-4C9C-8808-6DC1FD966310}.Debug|Any CPU.ActiveCfg = Debug|Any CPU
		{F9BD2981-5CCD-4C9C-8808-6DC1FD966310}.Debug|Any CPU.Build.0 = Debug|Any CPU
		{F9BD2981-5CCD-4C9C-8808-6DC1FD966310}.Release|Any CPU.ActiveCfg = Release|Any CPU
		{F9BD2981-5CCD-4C9C-8808-6DC1FD966310}.Release|Any CPU.Build.0 = Release|Any CPU
		{F58E2394-A825-4768-8884-123E1024D9B3}.Debug|Any CPU.ActiveCfg = Debug|Any CPU
		{F58E2394-A825-4768-8884-123E1024D9B3}.Debug|Any CPU.Build.0 = Debug|Any CPU
		{F58E2394-A825-4768-8884-123E1024D9B3}.Release|Any CPU.ActiveCfg = Release|Any CPU
		{F58E2394-A825-4768-8884-123E1024D9B3}.Release|Any CPU.Build.0 = Release|Any CPU
	EndGlobalSection
	GlobalSection(SolutionProperties) = preSolution
		HideSolutionNode = FALSE
	EndGlobalSection
	GlobalSection(ExtensibilityGlobals) = postSolution
		SolutionGuid = {604394EB-BD2B-4876-A5F0-2B3DB933A6FF}
	EndGlobalSection
EndGlobal
