
Microsoft Visual Studio Solution File, Format Version 12.00
# Visual Studio Version 16
VisualStudioVersion = 16.0.31112.23
MinimumVisualStudioVersion = 10.0.40219.1
Project("{FAE04EC0-301F-11D3-BF4B-00C04F79EFBC}") = "GradeBook", "GradeBook\GradeBook.csproj", "{0A64102F-C140-4DBC-AB6C-E25C3333D15C}"
EndProject
Project("{FAE04EC0-301F-11D3-BF4B-00C04F79EFBC}") = "GradeBook.Tests", "test\GradeBook.Tests.csproj", "{CFD18EB8-B9FA-4D8F-AD88-76D7D2859AF2}"
EndProject
Global
	GlobalSection(SolutionConfigurationPlatforms) = preSolution
		Debug|Any CPU = Debug|Any CPU
		Release|Any CPU = Release|Any CPU
	EndGlobalSection
	GlobalSection(ProjectConfigurationPlatforms) = postSolution
		{0A64102F-C140-4DBC-AB6C-E25C3333D15C}.Debug|Any CPU.ActiveCfg = Debug|Any CPU
		{0A64102F-C140-4DBC-AB6C-E25C3333D15C}.Debug|Any CPU.Build.0 = Debug|Any CPU
		{0A64102F-C140-4DBC-AB6C-E25C3333D15C}.Release|Any CPU.ActiveCfg = Release|Any CPU
		{0A64102F-C140-4DBC-AB6C-E25C3333D15C}.Release|Any CPU.Build.0 = Release|Any CPU
		{CFD18EB8-B9FA-4D8F-AD88-76D7D2859AF2}.Debug|Any CPU.ActiveCfg = Debug|Any CPU
		{CFD18EB8-B9FA-4D8F-AD88-76D7D2859AF2}.Debug|Any CPU.Build.0 = Debug|Any CPU
		{CFD18EB8-B9FA-4D8F-AD88-76D7D2859AF2}.Release|Any CPU.ActiveCfg = Release|Any CPU
		{CFD18EB8-B9FA-4D8F-AD88-76D7D2859AF2}.Release|Any CPU.Build.0 = Release|Any CPU
	EndGlobalSection
	GlobalSection(SolutionProperties) = preSolution
		HideSolutionNode = FALSE
	EndGlobalSection
	GlobalSection(ExtensibilityGlobals) = postSolution
		SolutionGuid = {C66B3D61-898F-4BCA-9020-1CC91BE3A486}
	EndGlobalSection
EndGlobal
